// !$*UTF8*$!
{
	archiveVersion = 1;
	classes = {
	};
	objectVersion = 46;
	objects = {

/* Begin PBXBuildFile section */
		E758EF0B1D4E9F9300A799F1 /* Main.storyboard in Resources */ = {isa = PBXBuildFile; fileRef = E758EF091D4E9F9300A799F1 /* Main.storyboard */; };
		E758EF0D1D4EA03300A799F1 /* SplashScreen.swift in Sources */ = {isa = PBXBuildFile; fileRef = E758EF0C1D4EA03300A799F1 /* SplashScreen.swift */; };
		E766DAAD1D4AA6CC0055B6DC /* AppDelegate.swift in Sources */ = {isa = PBXBuildFile; fileRef = E766DAAC1D4AA6CC0055B6DC /* AppDelegate.swift */; };
		E766DAAF1D4AA6CC0055B6DC /* ViewController.swift in Sources */ = {isa = PBXBuildFile; fileRef = E766DAAE1D4AA6CC0055B6DC /* ViewController.swift */; };
		E766DAB41D4AA6CC0055B6DC /* Assets.xcassets in Resources */ = {isa = PBXBuildFile; fileRef = E766DAB31D4AA6CC0055B6DC /* Assets.xcassets */; };
		E766DAB71D4AA6CC0055B6DC /* LaunchScreen.storyboard in Resources */ = {isa = PBXBuildFile; fileRef = E766DAB51D4AA6CC0055B6DC /* LaunchScreen.storyboard */; };
		E766DAC21D4AA6CC0055B6DC /* WeKastTests.swift in Sources */ = {isa = PBXBuildFile; fileRef = E766DAC11D4AA6CC0055B6DC /* WeKastTests.swift */; };
		E76BCDB51D60BC8D009C8880 /* Login.swift in Sources */ = {isa = PBXBuildFile; fileRef = E76BCDB41D60BC8D009C8880 /* Login.swift */; };
		E77234FE1D50C24300D59AB5 /* SplashControllerViewController.swift in Sources */ = {isa = PBXBuildFile; fileRef = E77234FD1D50C24300D59AB5 /* SplashControllerViewController.swift */; };
		E77390151D4F5F4A00084C89 /* LaunchSplashScreen.storyboard in Resources */ = {isa = PBXBuildFile; fileRef = E77390141D4F5F4A00084C89 /* LaunchSplashScreen.storyboard */; };
		E77FEF671D5A053500F34212 /* JSONJoy.framework in Frameworks */ = {isa = PBXBuildFile; fileRef = 84ACD8AB1D52473E00F9BAED /* JSONJoy.framework */; };
		E77FEF681D5A053500F34212 /* JSONJoy.framework in Embed Frameworks */ = {isa = PBXBuildFile; fileRef = 84ACD8AB1D52473E00F9BAED /* JSONJoy.framework */; settings = {ATTRIBUTES = (CodeSignOnCopy, RemoveHeadersOnCopy, ); }; };
		E77FEF6C1D5A053B00F34212 /* SwiftHTTP.framework in Frameworks */ = {isa = PBXBuildFile; fileRef = 84ACD8931D52472600F9BAED /* SwiftHTTP.framework */; };
		E77FEF6D1D5A053B00F34212 /* SwiftHTTP.framework in Embed Frameworks */ = {isa = PBXBuildFile; fileRef = 84ACD8931D52472600F9BAED /* SwiftHTTP.framework */; settings = {ATTRIBUTES = (CodeSignOnCopy, RemoveHeadersOnCopy, ); }; };
		E7C4D5D91D4E6E6100E51F4E /* Splash.mp4 in Resources */ = {isa = PBXBuildFile; fileRef = E7C4D5D81D4E6E2A00E51F4E /* Splash.mp4 */; };
/* End PBXBuildFile section */

/* Begin PBXContainerItemProxy section */
		84ACD8921D52472600F9BAED /* PBXContainerItemProxy */ = {
			isa = PBXContainerItemProxy;
			containerPortal = 84ACD8881D52472500F9BAED /* SwiftHTTP.xcodeproj */;
			proxyType = 2;
			remoteGlobalIDString = 6BFD901619C8D8B500DD99B6;
			remoteInfo = SwiftHTTP;
		};
		84ACD8941D52472600F9BAED /* PBXContainerItemProxy */ = {
			isa = PBXContainerItemProxy;
			containerPortal = 84ACD8881D52472500F9BAED /* SwiftHTTP.xcodeproj */;
			proxyType = 2;
			remoteGlobalIDString = 6BFD902119C8D8B500DD99B6;
			remoteInfo = SwiftHTTPTests;
		};
		84ACD8961D52472600F9BAED /* PBXContainerItemProxy */ = {
			isa = PBXContainerItemProxy;
			containerPortal = 84ACD8881D52472500F9BAED /* SwiftHTTP.xcodeproj */;
			proxyType = 2;
			remoteGlobalIDString = D958025919E6EEEB003C8218;
			remoteInfo = SwiftHTTPOSX;
		};
		84ACD8981D52472600F9BAED /* PBXContainerItemProxy */ = {
			isa = PBXContainerItemProxy;
			containerPortal = 84ACD8881D52472500F9BAED /* SwiftHTTP.xcodeproj */;
			proxyType = 2;
			remoteGlobalIDString = D958026319E6EEEB003C8218;
			remoteInfo = SwiftHTTPOSXTests;
		};
		84ACD89A1D52472600F9BAED /* PBXContainerItemProxy */ = {
			isa = PBXContainerItemProxy;
			containerPortal = 84ACD8881D52472500F9BAED /* SwiftHTTP.xcodeproj */;
			proxyType = 2;
			remoteGlobalIDString = 5C135EC11C4733CD00AA3A01;
			remoteInfo = SwiftHTTPtvOS;
		};
		84ACD89C1D52472600F9BAED /* PBXContainerItemProxy */ = {
			isa = PBXContainerItemProxy;
			containerPortal = 84ACD8881D52472500F9BAED /* SwiftHTTP.xcodeproj */;
			proxyType = 2;
			remoteGlobalIDString = 5C135ECA1C4733CE00AA3A01;
			remoteInfo = SwiftHTTPtvOSTests;
		};
		84ACD89E1D52472600F9BAED /* PBXContainerItemProxy */ = {
			isa = PBXContainerItemProxy;
			containerPortal = 84ACD8881D52472500F9BAED /* SwiftHTTP.xcodeproj */;
			proxyType = 2;
			remoteGlobalIDString = 5C135FA91C4737E200AA3A01;
			remoteInfo = SwiftHTTPWatchOS;
		};
		84ACD8AA1D52473E00F9BAED /* PBXContainerItemProxy */ = {
			isa = PBXContainerItemProxy;
			containerPortal = 84ACD8A01D52473E00F9BAED /* JSONJoy.xcodeproj */;
			proxyType = 2;
			remoteGlobalIDString = 6B3E79B719D355CF006071F7;
			remoteInfo = JSONJoy;
		};
		84ACD8AC1D52473E00F9BAED /* PBXContainerItemProxy */ = {
			isa = PBXContainerItemProxy;
			containerPortal = 84ACD8A01D52473E00F9BAED /* JSONJoy.xcodeproj */;
			proxyType = 2;
			remoteGlobalIDString = 6B3E79C219D355CF006071F7;
			remoteInfo = JSONJoyTests;
		};
		84ACD8AE1D52473E00F9BAED /* PBXContainerItemProxy */ = {
			isa = PBXContainerItemProxy;
			containerPortal = 84ACD8A01D52473E00F9BAED /* JSONJoy.xcodeproj */;
			proxyType = 2;
			remoteGlobalIDString = D958022E19E6ED8E003C8218;
			remoteInfo = JSONJoyOSX;
		};
		84ACD8B01D52473E00F9BAED /* PBXContainerItemProxy */ = {
			isa = PBXContainerItemProxy;
			containerPortal = 84ACD8A01D52473E00F9BAED /* JSONJoy.xcodeproj */;
			proxyType = 2;
			remoteGlobalIDString = D958023819E6ED8E003C8218;
			remoteInfo = JSONJoyOSXTests;
		};
		84ACD8B21D52473E00F9BAED /* PBXContainerItemProxy */ = {
			isa = PBXContainerItemProxy;
			containerPortal = 84ACD8A01D52473E00F9BAED /* JSONJoy.xcodeproj */;
			proxyType = 2;
			remoteGlobalIDString = 5C135EED1C4734BA00AA3A01;
			remoteInfo = JSONJoytvOS;
		};
		84ACD8B41D52473E00F9BAED /* PBXContainerItemProxy */ = {
			isa = PBXContainerItemProxy;
			containerPortal = 84ACD8A01D52473E00F9BAED /* JSONJoy.xcodeproj */;
			proxyType = 2;
			remoteGlobalIDString = 5C135EF61C4734BA00AA3A01;
			remoteInfo = JSONJoytvOSTests;
		};
		84ACD8B61D52473E00F9BAED /* PBXContainerItemProxy */ = {
			isa = PBXContainerItemProxy;
			containerPortal = 84ACD8A01D52473E00F9BAED /* JSONJoy.xcodeproj */;
			proxyType = 2;
			remoteGlobalIDString = 5C135FCB1C47392D00AA3A01;
			remoteInfo = JSONJoyWatchOS;
		};
		E766DABE1D4AA6CC0055B6DC /* PBXContainerItemProxy */ = {
			isa = PBXContainerItemProxy;
			containerPortal = E766DAA11D4AA6CC0055B6DC /* Project object */;
			proxyType = 1;
			remoteGlobalIDString = E766DAA81D4AA6CC0055B6DC;
			remoteInfo = Lesson3;
		};
		E77FEF601D5A025300F34212 /* PBXContainerItemProxy */ = {
			isa = PBXContainerItemProxy;
			containerPortal = 84ACD8A01D52473E00F9BAED /* JSONJoy.xcodeproj */;
			proxyType = 1;
			remoteGlobalIDString = 6B3E79B619D355CF006071F7;
			remoteInfo = JSONJoy;
		};
		E77FEF651D5A025900F34212 /* PBXContainerItemProxy */ = {
			isa = PBXContainerItemProxy;
			containerPortal = 84ACD8881D52472500F9BAED /* SwiftHTTP.xcodeproj */;
			proxyType = 1;
			remoteGlobalIDString = 6BFD901519C8D8B500DD99B6;
			remoteInfo = SwiftHTTP;
		};
		E77FEF691D5A053500F34212 /* PBXContainerItemProxy */ = {
			isa = PBXContainerItemProxy;
			containerPortal = 84ACD8A01D52473E00F9BAED /* JSONJoy.xcodeproj */;
			proxyType = 1;
			remoteGlobalIDString = 6B3E79B619D355CF006071F7;
			remoteInfo = JSONJoy;
		};
		E77FEF6E1D5A053B00F34212 /* PBXContainerItemProxy */ = {
			isa = PBXContainerItemProxy;
			containerPortal = 84ACD8881D52472500F9BAED /* SwiftHTTP.xcodeproj */;
			proxyType = 1;
			remoteGlobalIDString = 6BFD901519C8D8B500DD99B6;
			remoteInfo = SwiftHTTP;
		};
/* End PBXContainerItemProxy section */

/* Begin PBXCopyFilesBuildPhase section */
		E77FEF6B1D5A053600F34212 /* Embed Frameworks */ = {
			isa = PBXCopyFilesBuildPhase;
			buildActionMask = 2147483647;
			dstPath = "";
			dstSubfolderSpec = 10;
			files = (
				E77FEF6D1D5A053B00F34212 /* SwiftHTTP.framework in Embed Frameworks */,
				E77FEF681D5A053500F34212 /* JSONJoy.framework in Embed Frameworks */,
			);
			name = "Embed Frameworks";
			runOnlyForDeploymentPostprocessing = 0;
		};
/* End PBXCopyFilesBuildPhase section */

/* Begin PBXFileReference section */
		84ACD8861D52470F00F9BAED /* WeKast */ = {isa = PBXFileReference; lastKnownFileType = folder; path = WeKast; sourceTree = "<group>"; };
		84ACD8881D52472500F9BAED /* SwiftHTTP.xcodeproj */ = {isa = PBXFileReference; lastKnownFileType = "wrapper.pb-project"; name = SwiftHTTP.xcodeproj; path = "WeKast/Import/SwiftHTTP-master/SwiftHTTP.xcodeproj"; sourceTree = "<group>"; };
		84ACD8A01D52473E00F9BAED /* JSONJoy.xcodeproj */ = {isa = PBXFileReference; lastKnownFileType = "wrapper.pb-project"; name = JSONJoy.xcodeproj; path = "WeKast/Import/JSONJoy-Swift-master/JSONJoy.xcodeproj"; sourceTree = "<group>"; };
		E758EF0A1D4E9F9300A799F1 /* Base */ = {isa = PBXFileReference; lastKnownFileType = file.storyboard; name = Base; path = Base.lproj/Main.storyboard; sourceTree = "<group>"; };
		E758EF0C1D4EA03300A799F1 /* SplashScreen.swift */ = {isa = PBXFileReference; fileEncoding = 4; lastKnownFileType = sourcecode.swift; path = SplashScreen.swift; sourceTree = "<group>"; };
		E766DAA91D4AA6CC0055B6DC /* WeKast.app */ = {isa = PBXFileReference; explicitFileType = wrapper.application; includeInIndex = 0; path = WeKast.app; sourceTree = BUILT_PRODUCTS_DIR; };
		E766DAAC1D4AA6CC0055B6DC /* AppDelegate.swift */ = {isa = PBXFileReference; lastKnownFileType = sourcecode.swift; path = AppDelegate.swift; sourceTree = "<group>"; };
		E766DAAE1D4AA6CC0055B6DC /* ViewController.swift */ = {isa = PBXFileReference; lastKnownFileType = sourcecode.swift; path = ViewController.swift; sourceTree = "<group>"; };
		E766DAB31D4AA6CC0055B6DC /* Assets.xcassets */ = {isa = PBXFileReference; lastKnownFileType = folder.assetcatalog; path = Assets.xcassets; sourceTree = "<group>"; };
		E766DAB61D4AA6CC0055B6DC /* Base */ = {isa = PBXFileReference; lastKnownFileType = file.storyboard; name = Base; path = Base.lproj/LaunchScreen.storyboard; sourceTree = "<group>"; };
		E766DAB81D4AA6CC0055B6DC /* Info.plist */ = {isa = PBXFileReference; lastKnownFileType = text.plist.xml; path = Info.plist; sourceTree = "<group>"; };
		E766DABD1D4AA6CC0055B6DC /* WeKast.xctest */ = {isa = PBXFileReference; explicitFileType = wrapper.cfbundle; includeInIndex = 0; path = WeKast.xctest; sourceTree = BUILT_PRODUCTS_DIR; };
		E766DAC11D4AA6CC0055B6DC /* WeKastTests.swift */ = {isa = PBXFileReference; lastKnownFileType = sourcecode.swift; path = WeKastTests.swift; sourceTree = "<group>"; };
		E766DAC31D4AA6CC0055B6DC /* Info.plist */ = {isa = PBXFileReference; lastKnownFileType = text.plist.xml; path = Info.plist; sourceTree = "<group>"; };
		E76BCDB41D60BC8D009C8880 /* Login.swift */ = {isa = PBXFileReference; fileEncoding = 4; lastKnownFileType = sourcecode.swift; path = Login.swift; sourceTree = "<group>"; };
		E77234FD1D50C24300D59AB5 /* SplashControllerViewController.swift */ = {isa = PBXFileReference; fileEncoding = 4; lastKnownFileType = sourcecode.swift; path = SplashControllerViewController.swift; sourceTree = "<group>"; };
		E77390141D4F5F4A00084C89 /* LaunchSplashScreen.storyboard */ = {isa = PBXFileReference; fileEncoding = 4; lastKnownFileType = file.storyboard; path = LaunchSplashScreen.storyboard; sourceTree = "<group>"; };
		E7C4D5D81D4E6E2A00E51F4E /* Splash.mp4 */ = {isa = PBXFileReference; lastKnownFileType = file; name = Splash.mp4; path = Media/Splash.mp4; sourceTree = "<group>"; };
/* End PBXFileReference section */

/* Begin PBXFrameworksBuildPhase section */
		E766DAA61D4AA6CC0055B6DC /* Frameworks */ = {
			isa = PBXFrameworksBuildPhase;
			buildActionMask = 2147483647;
			files = (
				E77FEF6C1D5A053B00F34212 /* SwiftHTTP.framework in Frameworks */,
				E77FEF671D5A053500F34212 /* JSONJoy.framework in Frameworks */,
			);
			runOnlyForDeploymentPostprocessing = 0;
		};
		E766DABA1D4AA6CC0055B6DC /* Frameworks */ = {
			isa = PBXFrameworksBuildPhase;
			buildActionMask = 2147483647;
			files = (
			);
			runOnlyForDeploymentPostprocessing = 0;
		};
/* End PBXFrameworksBuildPhase section */

/* Begin PBXGroup section */
		84ACD8891D52472500F9BAED /* Products */ = {
			isa = PBXGroup;
			children = (
				84ACD8931D52472600F9BAED /* SwiftHTTP.framework */,
				84ACD8951D52472600F9BAED /* SwiftHTTPTests.xctest */,
				84ACD8971D52472600F9BAED /* SwiftHTTP.framework */,
				84ACD8991D52472600F9BAED /* SwiftHTTPOSXTests.xctest */,
				84ACD89B1D52472600F9BAED /* SwiftHTTP.framework */,
				84ACD89D1D52472600F9BAED /* SwiftHTTPtvOSTests.xctest */,
				84ACD89F1D52472600F9BAED /* SwiftHTTP.framework */,
			);
			name = Products;
			sourceTree = "<group>";
		};
		84ACD8A11D52473E00F9BAED /* Products */ = {
			isa = PBXGroup;
			children = (
				84ACD8AB1D52473E00F9BAED /* JSONJoy.framework */,
				84ACD8AD1D52473E00F9BAED /* JSONJoyTests.xctest */,
				84ACD8AF1D52473E00F9BAED /* JSONJoy.framework */,
				84ACD8B11D52473E00F9BAED /* JSONJoyOSXTests.xctest */,
				84ACD8B31D52473E00F9BAED /* JSONJoy.framework */,
				84ACD8B51D52473E00F9BAED /* JSONJoytvOSTests.xctest */,
				84ACD8B71D52473E00F9BAED /* JSONJoy.framework */,
			);
			name = Products;
			sourceTree = "<group>";
		};
		E766DAA01D4AA6CC0055B6DC = {
			isa = PBXGroup;
			children = (
				84ACD8A01D52473E00F9BAED /* JSONJoy.xcodeproj */,
				84ACD8881D52472500F9BAED /* SwiftHTTP.xcodeproj */,
				84ACD8861D52470F00F9BAED /* WeKast */,
				E766DAAB1D4AA6CC0055B6DC /* WeKast */,
				E766DAC01D4AA6CC0055B6DC /* WeKastTests */,
				E766DAAA1D4AA6CC0055B6DC /* Products */,
			);
			sourceTree = "<group>";
		};
		E766DAAA1D4AA6CC0055B6DC /* Products */ = {
			isa = PBXGroup;
			children = (
				E766DAA91D4AA6CC0055B6DC /* WeKast.app */,
				E766DABD1D4AA6CC0055B6DC /* WeKast.xctest */,
			);
			name = Products;
			sourceTree = "<group>";
		};
		E766DAAB1D4AA6CC0055B6DC /* WeKast */ = {
			isa = PBXGroup;
			children = (
				E79978211D5233A800B4EFF2 /* Media */,
				E766DAAC1D4AA6CC0055B6DC /* AppDelegate.swift */,
				E766DAAE1D4AA6CC0055B6DC /* ViewController.swift */,
				E758EF091D4E9F9300A799F1 /* Main.storyboard */,
				E766DAB31D4AA6CC0055B6DC /* Assets.xcassets */,
				E7C4D5D81D4E6E2A00E51F4E /* Splash.mp4 */,
				E766DAB51D4AA6CC0055B6DC /* LaunchScreen.storyboard */,
				E766DAB81D4AA6CC0055B6DC /* Info.plist */,
				E758EF0C1D4EA03300A799F1 /* SplashScreen.swift */,
				E77390141D4F5F4A00084C89 /* LaunchSplashScreen.storyboard */,
				E77234FD1D50C24300D59AB5 /* SplashControllerViewController.swift */,
				E76BCDB41D60BC8D009C8880 /* Login.swift */,
			);
			path = WeKast;
			sourceTree = "<group>";
		};
		E766DAC01D4AA6CC0055B6DC /* WeKastTests */ = {
			isa = PBXGroup;
			children = (
				E766DAC11D4AA6CC0055B6DC /* WeKastTests.swift */,
				E766DAC31D4AA6CC0055B6DC /* Info.plist */,
			);
			name = WeKastTests;
			path = Lesson3Tests;
			sourceTree = "<group>";
		};
		E79978211D5233A800B4EFF2 /* Media */ = {
			isa = PBXGroup;
			children = (
			);
			name = Media;
			sourceTree = "<group>";
		};
/* End PBXGroup section */

/* Begin PBXNativeTarget section */
		E766DAA81D4AA6CC0055B6DC /* WeKast */ = {
			isa = PBXNativeTarget;
			buildConfigurationList = E766DAC61D4AA6CC0055B6DC /* Build configuration list for PBXNativeTarget "WeKast" */;
			buildPhases = (
				E766DAA51D4AA6CC0055B6DC /* Sources */,
				E766DAA61D4AA6CC0055B6DC /* Frameworks */,
				E766DAA71D4AA6CC0055B6DC /* Resources */,
				E77FEF6B1D5A053600F34212 /* Embed Frameworks */,
			);
			buildRules = (
			);
			dependencies = (
				E77FEF611D5A025300F34212 /* PBXTargetDependency */,
				E77FEF661D5A025900F34212 /* PBXTargetDependency */,
				E77FEF6A1D5A053500F34212 /* PBXTargetDependency */,
				E77FEF6F1D5A053B00F34212 /* PBXTargetDependency */,
			);
			name = WeKast;
			productName = Lesson3;
			productReference = E766DAA91D4AA6CC0055B6DC /* WeKast.app */;
			productType = "com.apple.product-type.application";
		};
		E766DABC1D4AA6CC0055B6DC /* WeKastTests */ = {
			isa = PBXNativeTarget;
			buildConfigurationList = E766DAC91D4AA6CC0055B6DC /* Build configuration list for PBXNativeTarget "WeKastTests" */;
			buildPhases = (
				E766DAB91D4AA6CC0055B6DC /* Sources */,
				E766DABA1D4AA6CC0055B6DC /* Frameworks */,
				E766DABB1D4AA6CC0055B6DC /* Resources */,
			);
			buildRules = (
			);
			dependencies = (
				E766DABF1D4AA6CC0055B6DC /* PBXTargetDependency */,
			);
			name = WeKastTests;
			productName = Lesson3Tests;
			productReference = E766DABD1D4AA6CC0055B6DC /* WeKast.xctest */;
			productType = "com.apple.product-type.bundle.unit-test";
		};
/* End PBXNativeTarget section */

/* Begin PBXProject section */
		E766DAA11D4AA6CC0055B6DC /* Project object */ = {
			isa = PBXProject;
			attributes = {
				LastSwiftUpdateCheck = 0720;
				LastUpgradeCheck = 0720;
				ORGANIZATIONNAME = WeKast;
				TargetAttributes = {
					E766DAA81D4AA6CC0055B6DC = {
						CreatedOnToolsVersion = 7.2.1;
						DevelopmentTeam = QH3D63ZD6X;
					};
					E766DABC1D4AA6CC0055B6DC = {
						CreatedOnToolsVersion = 7.2.1;
						TestTargetID = E766DAA81D4AA6CC0055B6DC;
					};
				};
			};
			buildConfigurationList = E766DAA41D4AA6CC0055B6DC /* Build configuration list for PBXProject "WeKast" */;
			compatibilityVersion = "Xcode 3.2";
			developmentRegion = English;
			hasScannedForEncodings = 0;
			knownRegions = (
				en,
				Base,
			);
			mainGroup = E766DAA01D4AA6CC0055B6DC;
			productRefGroup = E766DAAA1D4AA6CC0055B6DC /* Products */;
			projectDirPath = "";
			projectReferences = (
				{
					ProductGroup = 84ACD8A11D52473E00F9BAED /* Products */;
					ProjectRef = 84ACD8A01D52473E00F9BAED /* JSONJoy.xcodeproj */;
				},
				{
					ProductGroup = 84ACD8891D52472500F9BAED /* Products */;
					ProjectRef = 84ACD8881D52472500F9BAED /* SwiftHTTP.xcodeproj */;
				},
			);
			projectRoot = "";
			targets = (
				E766DAA81D4AA6CC0055B6DC /* WeKast */,
				E766DABC1D4AA6CC0055B6DC /* WeKastTests */,
			);
		};
/* End PBXProject section */

/* Begin PBXReferenceProxy section */
		84ACD8931D52472600F9BAED /* SwiftHTTP.framework */ = {
			isa = PBXReferenceProxy;
			fileType = wrapper.framework;
			path = SwiftHTTP.framework;
			remoteRef = 84ACD8921D52472600F9BAED /* PBXContainerItemProxy */;
			sourceTree = BUILT_PRODUCTS_DIR;
		};
		84ACD8951D52472600F9BAED /* SwiftHTTPTests.xctest */ = {
			isa = PBXReferenceProxy;
			fileType = wrapper.cfbundle;
			path = SwiftHTTPTests.xctest;
			remoteRef = 84ACD8941D52472600F9BAED /* PBXContainerItemProxy */;
			sourceTree = BUILT_PRODUCTS_DIR;
		};
		84ACD8971D52472600F9BAED /* SwiftHTTP.framework */ = {
			isa = PBXReferenceProxy;
			fileType = wrapper.framework;
			path = SwiftHTTP.framework;
			remoteRef = 84ACD8961D52472600F9BAED /* PBXContainerItemProxy */;
			sourceTree = BUILT_PRODUCTS_DIR;
		};
		84ACD8991D52472600F9BAED /* SwiftHTTPOSXTests.xctest */ = {
			isa = PBXReferenceProxy;
			fileType = wrapper.cfbundle;
			path = SwiftHTTPOSXTests.xctest;
			remoteRef = 84ACD8981D52472600F9BAED /* PBXContainerItemProxy */;
			sourceTree = BUILT_PRODUCTS_DIR;
		};
		84ACD89B1D52472600F9BAED /* SwiftHTTP.framework */ = {
			isa = PBXReferenceProxy;
			fileType = wrapper.framework;
			path = SwiftHTTP.framework;
			remoteRef = 84ACD89A1D52472600F9BAED /* PBXContainerItemProxy */;
			sourceTree = BUILT_PRODUCTS_DIR;
		};
		84ACD89D1D52472600F9BAED /* SwiftHTTPtvOSTests.xctest */ = {
			isa = PBXReferenceProxy;
			fileType = wrapper.cfbundle;
			path = SwiftHTTPtvOSTests.xctest;
			remoteRef = 84ACD89C1D52472600F9BAED /* PBXContainerItemProxy */;
			sourceTree = BUILT_PRODUCTS_DIR;
		};
		84ACD89F1D52472600F9BAED /* SwiftHTTP.framework */ = {
			isa = PBXReferenceProxy;
			fileType = wrapper.framework;
			path = SwiftHTTP.framework;
			remoteRef = 84ACD89E1D52472600F9BAED /* PBXContainerItemProxy */;
			sourceTree = BUILT_PRODUCTS_DIR;
		};
		84ACD8AB1D52473E00F9BAED /* JSONJoy.framework */ = {
			isa = PBXReferenceProxy;
			fileType = wrapper.framework;
			path = JSONJoy.framework;
			remoteRef = 84ACD8AA1D52473E00F9BAED /* PBXContainerItemProxy */;
			sourceTree = BUILT_PRODUCTS_DIR;
		};
		84ACD8AD1D52473E00F9BAED /* JSONJoyTests.xctest */ = {
			isa = PBXReferenceProxy;
			fileType = wrapper.cfbundle;
			path = JSONJoyTests.xctest;
			remoteRef = 84ACD8AC1D52473E00F9BAED /* PBXContainerItemProxy */;
			sourceTree = BUILT_PRODUCTS_DIR;
		};
		84ACD8AF1D52473E00F9BAED /* JSONJoy.framework */ = {
			isa = PBXReferenceProxy;
			fileType = wrapper.framework;
			path = JSONJoy.framework;
			remoteRef = 84ACD8AE1D52473E00F9BAED /* PBXContainerItemProxy */;
			sourceTree = BUILT_PRODUCTS_DIR;
		};
		84ACD8B11D52473E00F9BAED /* JSONJoyOSXTests.xctest */ = {
			isa = PBXReferenceProxy;
			fileType = wrapper.cfbundle;
			path = JSONJoyOSXTests.xctest;
			remoteRef = 84ACD8B01D52473E00F9BAED /* PBXContainerItemProxy */;
			sourceTree = BUILT_PRODUCTS_DIR;
		};
		84ACD8B31D52473E00F9BAED /* JSONJoy.framework */ = {
			isa = PBXReferenceProxy;
			fileType = wrapper.framework;
			path = JSONJoy.framework;
			remoteRef = 84ACD8B21D52473E00F9BAED /* PBXContainerItemProxy */;
			sourceTree = BUILT_PRODUCTS_DIR;
		};
		84ACD8B51D52473E00F9BAED /* JSONJoytvOSTests.xctest */ = {
			isa = PBXReferenceProxy;
			fileType = wrapper.cfbundle;
			path = JSONJoytvOSTests.xctest;
			remoteRef = 84ACD8B41D52473E00F9BAED /* PBXContainerItemProxy */;
			sourceTree = BUILT_PRODUCTS_DIR;
		};
		84ACD8B71D52473E00F9BAED /* JSONJoy.framework */ = {
			isa = PBXReferenceProxy;
			fileType = wrapper.framework;
			path = JSONJoy.framework;
			remoteRef = 84ACD8B61D52473E00F9BAED /* PBXContainerItemProxy */;
			sourceTree = BUILT_PRODUCTS_DIR;
		};
/* End PBXReferenceProxy section */

/* Begin PBXResourcesBuildPhase section */
		E766DAA71D4AA6CC0055B6DC /* Resources */ = {
			isa = PBXResourcesBuildPhase;
			buildActionMask = 2147483647;
			files = (
				E7C4D5D91D4E6E6100E51F4E /* Splash.mp4 in Resources */,
				E758EF0B1D4E9F9300A799F1 /* Main.storyboard in Resources */,
				E766DAB71D4AA6CC0055B6DC /* LaunchScreen.storyboard in Resources */,
				E766DAB41D4AA6CC0055B6DC /* Assets.xcassets in Resources */,
				E77390151D4F5F4A00084C89 /* LaunchSplashScreen.storyboard in Resources */,
			);
			runOnlyForDeploymentPostprocessing = 0;
		};
		E766DABB1D4AA6CC0055B6DC /* Resources */ = {
			isa = PBXResourcesBuildPhase;
			buildActionMask = 2147483647;
			files = (
			);
			runOnlyForDeploymentPostprocessing = 0;
		};
/* End PBXResourcesBuildPhase section */

/* Begin PBXSourcesBuildPhase section */
		E766DAA51D4AA6CC0055B6DC /* Sources */ = {
			isa = PBXSourcesBuildPhase;
			buildActionMask = 2147483647;
			files = (
				E758EF0D1D4EA03300A799F1 /* SplashScreen.swift in Sources */,
				E76BCDB51D60BC8D009C8880 /* Login.swift in Sources */,
				E77234FE1D50C24300D59AB5 /* SplashControllerViewController.swift in Sources */,
				E766DAAF1D4AA6CC0055B6DC /* ViewController.swift in Sources */,
				E766DAAD1D4AA6CC0055B6DC /* AppDelegate.swift in Sources */,
			);
			runOnlyForDeploymentPostprocessing = 0;
		};
		E766DAB91D4AA6CC0055B6DC /* Sources */ = {
			isa = PBXSourcesBuildPhase;
			buildActionMask = 2147483647;
			files = (
				E766DAC21D4AA6CC0055B6DC /* WeKastTests.swift in Sources */,
			);
			runOnlyForDeploymentPostprocessing = 0;
		};
/* End PBXSourcesBuildPhase section */

/* Begin PBXTargetDependency section */
		E766DABF1D4AA6CC0055B6DC /* PBXTargetDependency */ = {
			isa = PBXTargetDependency;
			target = E766DAA81D4AA6CC0055B6DC /* WeKast */;
			targetProxy = E766DABE1D4AA6CC0055B6DC /* PBXContainerItemProxy */;
		};
		E77FEF611D5A025300F34212 /* PBXTargetDependency */ = {
			isa = PBXTargetDependency;
			name = JSONJoy;
			targetProxy = E77FEF601D5A025300F34212 /* PBXContainerItemProxy */;
		};
		E77FEF661D5A025900F34212 /* PBXTargetDependency */ = {
			isa = PBXTargetDependency;
			name = SwiftHTTP;
			targetProxy = E77FEF651D5A025900F34212 /* PBXContainerItemProxy */;
		};
		E77FEF6A1D5A053500F34212 /* PBXTargetDependency */ = {
			isa = PBXTargetDependency;
			name = JSONJoy;
			targetProxy = E77FEF691D5A053500F34212 /* PBXContainerItemProxy */;
		};
		E77FEF6F1D5A053B00F34212 /* PBXTargetDependency */ = {
			isa = PBXTargetDependency;
			name = SwiftHTTP;
			targetProxy = E77FEF6E1D5A053B00F34212 /* PBXContainerItemProxy */;
		};
/* End PBXTargetDependency section */

/* Begin PBXVariantGroup section */
		E758EF091D4E9F9300A799F1 /* Main.storyboard */ = {
			isa = PBXVariantGroup;
			children = (
				E758EF0A1D4E9F9300A799F1 /* Base */,
			);
			name = Main.storyboard;
			sourceTree = "<group>";
		};
		E766DAB51D4AA6CC0055B6DC /* LaunchScreen.storyboard */ = {
			isa = PBXVariantGroup;
			children = (
				E766DAB61D4AA6CC0055B6DC /* Base */,
			);
			name = LaunchScreen.storyboard;
			sourceTree = "<group>";
		};
/* End PBXVariantGroup section */

/* Begin XCBuildConfiguration section */
		E766DAC41D4AA6CC0055B6DC /* Debug */ = {
			isa = XCBuildConfiguration;
			buildSettings = {
				ALWAYS_SEARCH_USER_PATHS = NO;
				CLANG_CXX_LANGUAGE_STANDARD = "gnu++0x";
				CLANG_CXX_LIBRARY = "libc++";
				CLANG_ENABLE_MODULES = YES;
				CLANG_ENABLE_OBJC_ARC = YES;
				CLANG_WARN_BOOL_CONVERSION = YES;
				CLANG_WARN_CONSTANT_CONVERSION = YES;
				CLANG_WARN_DIRECT_OBJC_ISA_USAGE = YES_ERROR;
				CLANG_WARN_EMPTY_BODY = YES;
				CLANG_WARN_ENUM_CONVERSION = YES;
				CLANG_WARN_INT_CONVERSION = YES;
				CLANG_WARN_OBJC_ROOT_CLASS = YES_ERROR;
				CLANG_WARN_UNREACHABLE_CODE = YES;
				CLANG_WARN__DUPLICATE_METHOD_MATCH = YES;
				"CODE_SIGN_IDENTITY[sdk=iphoneos*]" = "iPhone Developer";
				COPY_PHASE_STRIP = NO;
				DEBUG_INFORMATION_FORMAT = dwarf;
				ENABLE_STRICT_OBJC_MSGSEND = YES;
				ENABLE_TESTABILITY = YES;
				GCC_C_LANGUAGE_STANDARD = gnu99;
				GCC_DYNAMIC_NO_PIC = NO;
				GCC_NO_COMMON_BLOCKS = YES;
				GCC_OPTIMIZATION_LEVEL = 0;
				GCC_PREPROCESSOR_DEFINITIONS = (
					"DEBUG=1",
					"$(inherited)",
				);
				GCC_WARN_64_TO_32_BIT_CONVERSION = YES;
				GCC_WARN_ABOUT_RETURN_TYPE = YES_ERROR;
				GCC_WARN_UNDECLARED_SELECTOR = YES;
				GCC_WARN_UNINITIALIZED_AUTOS = YES_AGGRESSIVE;
				GCC_WARN_UNUSED_FUNCTION = YES;
				GCC_WARN_UNUSED_VARIABLE = YES;
				IPHONEOS_DEPLOYMENT_TARGET = 9.2;
				MTL_ENABLE_DEBUG_INFO = YES;
				ONLY_ACTIVE_ARCH = YES;
				SDKROOT = iphoneos;
				SWIFT_OPTIMIZATION_LEVEL = "-Onone";
				TARGETED_DEVICE_FAMILY = "1,2";
			};
			name = Debug;
		};
		E766DAC51D4AA6CC0055B6DC /* Release */ = {
			isa = XCBuildConfiguration;
			buildSettings = {
				ALWAYS_SEARCH_USER_PATHS = NO;
				CLANG_CXX_LANGUAGE_STANDARD = "gnu++0x";
				CLANG_CXX_LIBRARY = "libc++";
				CLANG_ENABLE_MODULES = YES;
				CLANG_ENABLE_OBJC_ARC = YES;
				CLANG_WARN_BOOL_CONVERSION = YES;
				CLANG_WARN_CONSTANT_CONVERSION = YES;
				CLANG_WARN_DIRECT_OBJC_ISA_USAGE = YES_ERROR;
				CLANG_WARN_EMPTY_BODY = YES;
				CLANG_WARN_ENUM_CONVERSION = YES;
				CLANG_WARN_INT_CONVERSION = YES;
				CLANG_WARN_OBJC_ROOT_CLASS = YES_ERROR;
				CLANG_WARN_UNREACHABLE_CODE = YES;
				CLANG_WARN__DUPLICATE_METHOD_MATCH = YES;
				"CODE_SIGN_IDENTITY[sdk=iphoneos*]" = "iPhone Developer";
				COPY_PHASE_STRIP = NO;
				DEBUG_INFORMATION_FORMAT = "dwarf-with-dsym";
				ENABLE_NS_ASSERTIONS = NO;
				ENABLE_STRICT_OBJC_MSGSEND = YES;
				GCC_C_LANGUAGE_STANDARD = gnu99;
				GCC_NO_COMMON_BLOCKS = YES;
				GCC_WARN_64_TO_32_BIT_CONVERSION = YES;
				GCC_WARN_ABOUT_RETURN_TYPE = YES_ERROR;
				GCC_WARN_UNDECLARED_SELECTOR = YES;
				GCC_WARN_UNINITIALIZED_AUTOS = YES_AGGRESSIVE;
				GCC_WARN_UNUSED_FUNCTION = YES;
				GCC_WARN_UNUSED_VARIABLE = YES;
				IPHONEOS_DEPLOYMENT_TARGET = 9.2;
				MTL_ENABLE_DEBUG_INFO = NO;
				SDKROOT = iphoneos;
				TARGETED_DEVICE_FAMILY = "1,2";
				VALIDATE_PRODUCT = YES;
			};
			name = Release;
		};
		E766DAC71D4AA6CC0055B6DC /* Debug */ = {
			isa = XCBuildConfiguration;
			buildSettings = {
				ASSETCATALOG_COMPILER_APPICON_NAME = AppIcon;
				CODE_SIGN_IDENTITY = "iPhone Developer";
				"CODE_SIGN_IDENTITY[sdk=iphoneos*]" = "iPhone Developer";
				EMBEDDED_CONTENT_CONTAINS_SWIFT = YES;
				INFOPLIST_FILE = WeKast/Info.plist;
				IPHONEOS_DEPLOYMENT_TARGET = 9.0;
				LD_RUNPATH_SEARCH_PATHS = "$(inherited) @executable_path/Frameworks";
				PRODUCT_BUNDLE_IDENTIFIER = "Tel-ran.WeKast";
				PRODUCT_NAME = WeKast;
				PROVISIONING_PROFILE = "";
			};
			name = Debug;
		};
		E766DAC81D4AA6CC0055B6DC /* Release */ = {
			isa = XCBuildConfiguration;
			buildSettings = {
				ASSETCATALOG_COMPILER_APPICON_NAME = AppIcon;
				CODE_SIGN_IDENTITY = "iPhone Developer";
				"CODE_SIGN_IDENTITY[sdk=iphoneos*]" = "iPhone Developer";
				EMBEDDED_CONTENT_CONTAINS_SWIFT = YES;
				INFOPLIST_FILE = WeKast/Info.plist;
				IPHONEOS_DEPLOYMENT_TARGET = 9.0;
				LD_RUNPATH_SEARCH_PATHS = "$(inherited) @executable_path/Frameworks";
				PRODUCT_BUNDLE_IDENTIFIER = "Tel-ran.WeKast";
				PRODUCT_NAME = WeKast;
				PROVISIONING_PROFILE = "";
			};
			name = Release;
		};
		E766DACA1D4AA6CC0055B6DC /* Debug */ = {
			isa = XCBuildConfiguration;
			buildSettings = {
				BUNDLE_LOADER = "$(TEST_HOST)";
				INFOPLIST_FILE = Lesson3Tests/Info.plist;
				LD_RUNPATH_SEARCH_PATHS = "$(inherited) @executable_path/Frameworks @loader_path/Frameworks";
				PRODUCT_BUNDLE_IDENTIFIER = "Tel-ran.Lesson3Tests";
				PRODUCT_NAME = WeKast;
				TEST_HOST = "$(BUILT_PRODUCTS_DIR)/WeKast.app/WeKast";
			};
			name = Debug;
		};
		E766DACB1D4AA6CC0055B6DC /* Release */ = {
			isa = XCBuildConfiguration;
			buildSettings = {
				BUNDLE_LOADER = "$(TEST_HOST)";
				INFOPLIST_FILE = Lesson3Tests/Info.plist;
				LD_RUNPATH_SEARCH_PATHS = "$(inherited) @executable_path/Frameworks @loader_path/Frameworks";
				PRODUCT_BUNDLE_IDENTIFIER = "Tel-ran.Lesson3Tests";
				PRODUCT_NAME = WeKast;
				TEST_HOST = "$(BUILT_PRODUCTS_DIR)/WeKast.app/WeKast";
			};
			name = Release;
		};
/* End XCBuildConfiguration section */

/* Begin XCConfigurationList section */
		E766DAA41D4AA6CC0055B6DC /* Build configuration list for PBXProject "WeKast" */ = {
			isa = XCConfigurationList;
			buildConfigurations = (
				E766DAC41D4AA6CC0055B6DC /* Debug */,
				E766DAC51D4AA6CC0055B6DC /* Release */,
			);
			defaultConfigurationIsVisible = 0;
			defaultConfigurationName = Release;
		};
		E766DAC61D4AA6CC0055B6DC /* Build configuration list for PBXNativeTarget "WeKast" */ = {
			isa = XCConfigurationList;
			buildConfigurations = (
				E766DAC71D4AA6CC0055B6DC /* Debug */,
				E766DAC81D4AA6CC0055B6DC /* Release */,
			);
			defaultConfigurationIsVisible = 0;
			defaultConfigurationName = Release;
		};
		E766DAC91D4AA6CC0055B6DC /* Build configuration list for PBXNativeTarget "WeKastTests" */ = {
			isa = XCConfigurationList;
			buildConfigurations = (
				E766DACA1D4AA6CC0055B6DC /* Debug */,
				E766DACB1D4AA6CC0055B6DC /* Release */,
			);
			defaultConfigurationIsVisible = 0;
			defaultConfigurationName = Release;
		};
/* End XCConfigurationList section */
	};
	rootObject = E766DAA11D4AA6CC0055B6DC /* Project object */;
}
